
Microsoft Visual Studio Solution File, Format Version 12.00
# Visual Studio 15
VisualStudioVersion = 15.0.27130.2003
MinimumVisualStudioVersion = 10.0.40219.1
Project("{FAE04EC0-301F-11D3-BF4B-00C04F79EFBC}") = "PDF", "PDF\PDF.csproj", "{349CC7D6-9BAA-45D3-9BB0-3CD82F94E64C}"
EndProject
Global
	GlobalSection(SolutionConfigurationPlatforms) = preSolution
		Debug|Any CPU = Debug|Any CPU
		Release|Any CPU = Release|Any CPU
	EndGlobalSection
	GlobalSection(ProjectConfigurationPlatforms) = postSolution
		{349CC7D6-9BAA-45D3-9BB0-3CD82F94E64C}.Debug|Any CPU.ActiveCfg = Debug|Any CPU
		{349CC7D6-9BAA-45D3-9BB0-3CD82F94E64C}.Debug|Any CPU.Build.0 = Debug|Any CPU
		{349CC7D6-9BAA-45D3-9BB0-3CD82F94E64C}.Release|Any CPU.ActiveCfg = Release|Any CPU
		{349CC7D6-9BAA-45D3-9BB0-3CD82F94E64C}.Release|Any CPU.Build.0 = Release|Any CPU
	EndGlobalSection
	GlobalSection(SolutionProperties) = preSolution
		HideSolutionNode = FALSE
	EndGlobalSection
	GlobalSection(ExtensibilityGlobals) = postSolution
		SolutionGuid = {C67FFEE7-B351-46A7-8F38-4F07D95A0FF6}
	EndGlobalSection
EndGlobal
